// !$*UTF8*$!
{
	archiveVersion = 1;
	classes = {
	};
	objectVersion = 56;
	objects = {

/* Begin PBXBuildFile section */
		9E18B9FD2C122CFF00F78A5B /* AppDelegate.swift in Sources */ = {isa = PBXBuildFile; fileRef = 9E18B9FC2C122CFF00F78A5B /* AppDelegate.swift */; };
		9E18B9FF2C122CFF00F78A5B /* SceneDelegate.swift in Sources */ = {isa = PBXBuildFile; fileRef = 9E18B9FE2C122CFF00F78A5B /* SceneDelegate.swift */; };
		9E18BA012C122CFF00F78A5B /* ViewController.swift in Sources */ = {isa = PBXBuildFile; fileRef = 9E18BA002C122CFF00F78A5B /* ViewController.swift */; };
		9E18BA042C122CFF00F78A5B /* Base in Resources */ = {isa = PBXBuildFile; fileRef = 9E18BA032C122CFF00F78A5B /* Base */; };
		9E18BA062C122D0100F78A5B /* Assets.xcassets in Resources */ = {isa = PBXBuildFile; fileRef = 9E18BA052C122D0100F78A5B /* Assets.xcassets */; };
		9E18BA092C122D0100F78A5B /* Base in Resources */ = {isa = PBXBuildFile; fileRef = 9E18BA082C122D0100F78A5B /* Base */; };
		9E18BA142C122D0100F78A5B /* PerfectRepTests.swift in Sources */ = {isa = PBXBuildFile; fileRef = 9E18BA132C122D0100F78A5B /* PerfectRepTests.swift */; };
		9E18BA1E2C122D0100F78A5B /* PerfectRepUITests.swift in Sources */ = {isa = PBXBuildFile; fileRef = 9E18BA1D2C122D0100F78A5B /* PerfectRepUITests.swift */; };
		9E18BA202C122D0100F78A5B /* PerfectRepUITestsLaunchTests.swift in Sources */ = {isa = PBXBuildFile; fileRef = 9E18BA1F2C122D0100F78A5B /* PerfectRepUITestsLaunchTests.swift */; };
		9E18BA322C124ABA00F78A5B /* PerfectRepV1.swift in Sources */ = {isa = PBXBuildFile; fileRef = 9E18BA312C124ABA00F78A5B /* PerfectRepV1.swift */; };
		9E18BA3B2C173BF700F78A5B /* WorkoutBuilder.swift in Sources */ = {isa = PBXBuildFile; fileRef = 9E18BA3A2C173BF700F78A5B /* WorkoutBuilder.swift */; };
		9E18BA3E2C1741E200F78A5B /* ApplicationStateObserver.swift in Sources */ = {isa = PBXBuildFile; fileRef = 9E18BA3D2C1741E200F78A5B /* ApplicationStateObserver.swift */; };
		9E18BA402C1742E900F78A5B /* ApplicationState.swift in Sources */ = {isa = PBXBuildFile; fileRef = 9E18BA3F2C1742E900F78A5B /* ApplicationState.swift */; };
		9E18BA422C1744AD00F78A5B /* ApplicationStateObservation.swift in Sources */ = {isa = PBXBuildFile; fileRef = 9E18BA412C1744AD00F78A5B /* ApplicationStateObservation.swift */; };
		9E18BA442C17460600F78A5B /* Workout.swift in Sources */ = {isa = PBXBuildFile; fileRef = 9E18BA432C17460600F78A5B /* Workout.swift */; };
		9E18BA472C1747F200F78A5B /* WorkoutStats.swift in Sources */ = {isa = PBXBuildFile; fileRef = 9E18BA462C1747F200F78A5B /* WorkoutStats.swift */; };
		9E18BA492C174B6200F78A5B /* RelativeMeasurement.swift in Sources */ = {isa = PBXBuildFile; fileRef = 9E18BA482C174B6200F78A5B /* RelativeMeasurement.swift */; };
		9E18BA4C2C174BF100F78A5B /* CustomNumberFormatting.swift in Sources */ = {isa = PBXBuildFile; fileRef = 9E18BA4B2C174BF100F78A5B /* CustomNumberFormatting.swift */; };
		9E18BA4F2C174D5C00F78A5B /* UserPreferences.swift in Sources */ = {isa = PBXBuildFile; fileRef = 9E18BA4E2C174D5C00F78A5B /* UserPreferences.swift */; };
		9E18BA512C174DB500F78A5B /* UserPreference.swift in Sources */ = {isa = PBXBuildFile; fileRef = 9E18BA502C174DB500F78A5B /* UserPreference.swift */; };
		9E18BA532C17551A00F78A5B /* MeasurementUserPreference.swift in Sources */ = {isa = PBXBuildFile; fileRef = 9E18BA522C17551A00F78A5B /* MeasurementUserPreference.swift */; };
		9E18BA562C175E0500F78A5B /* Units.swift in Sources */ = {isa = PBXBuildFile; fileRef = 9E18BA552C175E0500F78A5B /* Units.swift */; };
		9E18BA582C17748500F78A5B /* UnitConversion.swift in Sources */ = {isa = PBXBuildFile; fileRef = 9E18BA572C17748500F78A5B /* UnitConversion.swift */; };
		9E18BA5A2C17750F00F78A5B /* Setting.swift in Sources */ = {isa = PBXBuildFile; fileRef = 9E18BA592C17750F00F78A5B /* Setting.swift */; };
		9E18BA5D2C1777F100F78A5B /* SettingsSection.swift in Sources */ = {isa = PBXBuildFile; fileRef = 9E18BA5C2C1777F100F78A5B /* SettingsSection.swift */; };
		9E18BA5F2C17788A00F78A5B /* SettingsModel.swift in Sources */ = {isa = PBXBuildFile; fileRef = 9E18BA5E2C17788A00F78A5B /* SettingsModel.swift */; };
		9E18BA612C177A9200F78A5B /* LS.swift in Sources */ = {isa = PBXBuildFile; fileRef = 9E18BA602C177A9200F78A5B /* LS.swift */; };
		F4E4607880F730E1AD31679E /* Pods_PerfectRep.framework in Frameworks */ = {isa = PBXBuildFile; fileRef = 7A891B61E7E58E6C72841E13 /* Pods_PerfectRep.framework */; };
/* End PBXBuildFile section */

/* Begin PBXContainerItemProxy section */
		9E18BA102C122D0100F78A5B /* PBXContainerItemProxy */ = {
			isa = PBXContainerItemProxy;
			containerPortal = 9E18B9F12C122CFF00F78A5B /* Project object */;
			proxyType = 1;
			remoteGlobalIDString = 9E18B9F82C122CFF00F78A5B;
			remoteInfo = PerfectRep;
		};
		9E18BA1A2C122D0100F78A5B /* PBXContainerItemProxy */ = {
			isa = PBXContainerItemProxy;
			containerPortal = 9E18B9F12C122CFF00F78A5B /* Project object */;
			proxyType = 1;
			remoteGlobalIDString = 9E18B9F82C122CFF00F78A5B;
			remoteInfo = PerfectRep;
		};
/* End PBXContainerItemProxy section */

/* Begin PBXFileReference section */
		7A891B61E7E58E6C72841E13 /* Pods_PerfectRep.framework */ = {isa = PBXFileReference; explicitFileType = wrapper.framework; includeInIndex = 0; path = Pods_PerfectRep.framework; sourceTree = BUILT_PRODUCTS_DIR; };
		9E18B9F92C122CFF00F78A5B /* PerfectRep.app */ = {isa = PBXFileReference; explicitFileType = wrapper.application; includeInIndex = 0; path = PerfectRep.app; sourceTree = BUILT_PRODUCTS_DIR; };
		9E18B9FC2C122CFF00F78A5B /* AppDelegate.swift */ = {isa = PBXFileReference; lastKnownFileType = sourcecode.swift; path = AppDelegate.swift; sourceTree = "<group>"; };
		9E18B9FE2C122CFF00F78A5B /* SceneDelegate.swift */ = {isa = PBXFileReference; lastKnownFileType = sourcecode.swift; path = SceneDelegate.swift; sourceTree = "<group>"; };
		9E18BA002C122CFF00F78A5B /* ViewController.swift */ = {isa = PBXFileReference; lastKnownFileType = sourcecode.swift; path = ViewController.swift; sourceTree = "<group>"; };
		9E18BA032C122CFF00F78A5B /* Base */ = {isa = PBXFileReference; lastKnownFileType = file.storyboard; name = Base; path = Base.lproj/Main.storyboard; sourceTree = "<group>"; };
		9E18BA052C122D0100F78A5B /* Assets.xcassets */ = {isa = PBXFileReference; lastKnownFileType = folder.assetcatalog; path = Assets.xcassets; sourceTree = "<group>"; };
		9E18BA082C122D0100F78A5B /* Base */ = {isa = PBXFileReference; lastKnownFileType = file.storyboard; name = Base; path = Base.lproj/LaunchScreen.storyboard; sourceTree = "<group>"; };
		9E18BA0A2C122D0100F78A5B /* Info.plist */ = {isa = PBXFileReference; lastKnownFileType = text.plist.xml; path = Info.plist; sourceTree = "<group>"; };
		9E18BA0F2C122D0100F78A5B /* PerfectRepTests.xctest */ = {isa = PBXFileReference; explicitFileType = wrapper.cfbundle; includeInIndex = 0; path = PerfectRepTests.xctest; sourceTree = BUILT_PRODUCTS_DIR; };
		9E18BA132C122D0100F78A5B /* PerfectRepTests.swift */ = {isa = PBXFileReference; lastKnownFileType = sourcecode.swift; path = PerfectRepTests.swift; sourceTree = "<group>"; };
		9E18BA192C122D0100F78A5B /* PerfectRepUITests.xctest */ = {isa = PBXFileReference; explicitFileType = wrapper.cfbundle; includeInIndex = 0; path = PerfectRepUITests.xctest; sourceTree = BUILT_PRODUCTS_DIR; };
		9E18BA1D2C122D0100F78A5B /* PerfectRepUITests.swift */ = {isa = PBXFileReference; lastKnownFileType = sourcecode.swift; path = PerfectRepUITests.swift; sourceTree = "<group>"; };
		9E18BA1F2C122D0100F78A5B /* PerfectRepUITestsLaunchTests.swift */ = {isa = PBXFileReference; lastKnownFileType = sourcecode.swift; path = PerfectRepUITestsLaunchTests.swift; sourceTree = "<group>"; };
		9E18BA312C124ABA00F78A5B /* PerfectRepV1.swift */ = {isa = PBXFileReference; lastKnownFileType = sourcecode.swift; path = PerfectRepV1.swift; sourceTree = "<group>"; };
		9E18BA3A2C173BF700F78A5B /* WorkoutBuilder.swift */ = {isa = PBXFileReference; lastKnownFileType = sourcecode.swift; path = WorkoutBuilder.swift; sourceTree = "<group>"; };
		9E18BA3D2C1741E200F78A5B /* ApplicationStateObserver.swift */ = {isa = PBXFileReference; lastKnownFileType = sourcecode.swift; path = ApplicationStateObserver.swift; sourceTree = "<group>"; };
		9E18BA3F2C1742E900F78A5B /* ApplicationState.swift */ = {isa = PBXFileReference; lastKnownFileType = sourcecode.swift; path = ApplicationState.swift; sourceTree = "<group>"; };
		9E18BA412C1744AD00F78A5B /* ApplicationStateObservation.swift */ = {isa = PBXFileReference; lastKnownFileType = sourcecode.swift; path = ApplicationStateObservation.swift; sourceTree = "<group>"; };
		9E18BA432C17460600F78A5B /* Workout.swift */ = {isa = PBXFileReference; lastKnownFileType = sourcecode.swift; path = Workout.swift; sourceTree = "<group>"; };
		9E18BA462C1747F200F78A5B /* WorkoutStats.swift */ = {isa = PBXFileReference; lastKnownFileType = sourcecode.swift; path = WorkoutStats.swift; sourceTree = "<group>"; };
		9E18BA482C174B6200F78A5B /* RelativeMeasurement.swift */ = {isa = PBXFileReference; lastKnownFileType = sourcecode.swift; path = RelativeMeasurement.swift; sourceTree = "<group>"; };
		9E18BA4B2C174BF100F78A5B /* CustomNumberFormatting.swift */ = {isa = PBXFileReference; lastKnownFileType = sourcecode.swift; path = CustomNumberFormatting.swift; sourceTree = "<group>"; };
		9E18BA4E2C174D5C00F78A5B /* UserPreferences.swift */ = {isa = PBXFileReference; lastKnownFileType = sourcecode.swift; path = UserPreferences.swift; sourceTree = "<group>"; };
		9E18BA502C174DB500F78A5B /* UserPreference.swift */ = {isa = PBXFileReference; lastKnownFileType = sourcecode.swift; path = UserPreference.swift; sourceTree = "<group>"; };
		9E18BA522C17551A00F78A5B /* MeasurementUserPreference.swift */ = {isa = PBXFileReference; lastKnownFileType = sourcecode.swift; path = MeasurementUserPreference.swift; sourceTree = "<group>"; };
		9E18BA552C175E0500F78A5B /* Units.swift */ = {isa = PBXFileReference; lastKnownFileType = sourcecode.swift; path = Units.swift; sourceTree = "<group>"; };
		9E18BA572C17748500F78A5B /* UnitConversion.swift */ = {isa = PBXFileReference; lastKnownFileType = sourcecode.swift; path = UnitConversion.swift; sourceTree = "<group>"; };
		9E18BA592C17750F00F78A5B /* Setting.swift */ = {isa = PBXFileReference; lastKnownFileType = sourcecode.swift; path = Setting.swift; sourceTree = "<group>"; };
		9E18BA5C2C1777F100F78A5B /* SettingsSection.swift */ = {isa = PBXFileReference; lastKnownFileType = sourcecode.swift; path = SettingsSection.swift; sourceTree = "<group>"; };
		9E18BA5E2C17788A00F78A5B /* SettingsModel.swift */ = {isa = PBXFileReference; lastKnownFileType = sourcecode.swift; path = SettingsModel.swift; sourceTree = "<group>"; };
		9E18BA602C177A9200F78A5B /* LS.swift */ = {isa = PBXFileReference; lastKnownFileType = sourcecode.swift; path = LS.swift; sourceTree = "<group>"; };
		AF25DCD840509F1B5CBEFB05 /* Pods-PerfectRep.release.xcconfig */ = {isa = PBXFileReference; includeInIndex = 1; lastKnownFileType = text.xcconfig; name = "Pods-PerfectRep.release.xcconfig"; path = "Target Support Files/Pods-PerfectRep/Pods-PerfectRep.release.xcconfig"; sourceTree = "<group>"; };
		D4B40E9BEFC228A7B08B32D1 /* Pods-PerfectRep.debug.xcconfig */ = {isa = PBXFileReference; includeInIndex = 1; lastKnownFileType = text.xcconfig; name = "Pods-PerfectRep.debug.xcconfig"; path = "Target Support Files/Pods-PerfectRep/Pods-PerfectRep.debug.xcconfig"; sourceTree = "<group>"; };
/* End PBXFileReference section */

/* Begin PBXFrameworksBuildPhase section */
		9E18B9F62C122CFF00F78A5B /* Frameworks */ = {
			isa = PBXFrameworksBuildPhase;
			buildActionMask = 2147483647;
			files = (
				F4E4607880F730E1AD31679E /* Pods_PerfectRep.framework in Frameworks */,
			);
			runOnlyForDeploymentPostprocessing = 0;
		};
		9E18BA0C2C122D0100F78A5B /* Frameworks */ = {
			isa = PBXFrameworksBuildPhase;
			buildActionMask = 2147483647;
			files = (
			);
			runOnlyForDeploymentPostprocessing = 0;
		};
		9E18BA162C122D0100F78A5B /* Frameworks */ = {
			isa = PBXFrameworksBuildPhase;
			buildActionMask = 2147483647;
			files = (
			);
			runOnlyForDeploymentPostprocessing = 0;
		};
/* End PBXFrameworksBuildPhase section */

/* Begin PBXGroup section */
		23D395D6093BAC6E312E1E67 /* Frameworks */ = {
			isa = PBXGroup;
			children = (
				7A891B61E7E58E6C72841E13 /* Pods_PerfectRep.framework */,
			);
			name = Frameworks;
			sourceTree = "<group>";
		};
		885E7B8757D799EC53914C73 /* Pods */ = {
			isa = PBXGroup;
			children = (
				D4B40E9BEFC228A7B08B32D1 /* Pods-PerfectRep.debug.xcconfig */,
				AF25DCD840509F1B5CBEFB05 /* Pods-PerfectRep.release.xcconfig */,
			);
			path = Pods;
			sourceTree = "<group>";
		};
		9E18B9F02C122CFF00F78A5B = {
			isa = PBXGroup;
			children = (
				9E18BA542C175DC700F78A5B /* Extensions */,
				9E18BA3C2C1741A500F78A5B /* Protocols */,
				9E18BA372C16B97700F78A5B /* Models */,
				9E18B9FB2C122CFF00F78A5B /* PerfectRep */,
				9E18BA122C122D0100F78A5B /* PerfectRepTests */,
				9E18BA1C2C122D0100F78A5B /* PerfectRepUITests */,
				9E18B9FA2C122CFF00F78A5B /* Products */,
				885E7B8757D799EC53914C73 /* Pods */,
				23D395D6093BAC6E312E1E67 /* Frameworks */,
			);
			sourceTree = "<group>";
		};
		9E18B9FA2C122CFF00F78A5B /* Products */ = {
			isa = PBXGroup;
			children = (
				9E18B9F92C122CFF00F78A5B /* PerfectRep.app */,
				9E18BA0F2C122D0100F78A5B /* PerfectRepTests.xctest */,
				9E18BA192C122D0100F78A5B /* PerfectRepUITests.xctest */,
			);
			name = Products;
			sourceTree = "<group>";
		};
		9E18B9FB2C122CFF00F78A5B /* PerfectRep */ = {
			isa = PBXGroup;
			children = (
				9E18B9FC2C122CFF00F78A5B /* AppDelegate.swift */,
				9E18B9FE2C122CFF00F78A5B /* SceneDelegate.swift */,
				9E18BA002C122CFF00F78A5B /* ViewController.swift */,
				9E18BA022C122CFF00F78A5B /* Main.storyboard */,
				9E18BA052C122D0100F78A5B /* Assets.xcassets */,
				9E18BA072C122D0100F78A5B /* LaunchScreen.storyboard */,
				9E18BA0A2C122D0100F78A5B /* Info.plist */,
			);
			path = PerfectRep;
			sourceTree = "<group>";
		};
		9E18BA122C122D0100F78A5B /* PerfectRepTests */ = {
			isa = PBXGroup;
			children = (
				9E18BA132C122D0100F78A5B /* PerfectRepTests.swift */,
			);
			path = PerfectRepTests;
			sourceTree = "<group>";
		};
		9E18BA1C2C122D0100F78A5B /* PerfectRepUITests */ = {
			isa = PBXGroup;
			children = (
				9E18BA1D2C122D0100F78A5B /* PerfectRepUITests.swift */,
				9E18BA1F2C122D0100F78A5B /* PerfectRepUITestsLaunchTests.swift */,
			);
			path = PerfectRepUITests;
			sourceTree = "<group>";
		};
		9E18BA2E2C124A7700F78A5B /* Data */ = {
			isa = PBXGroup;
			children = (
				9E18BA2F2C124A8C00F78A5B /* Data Models */,
				9E18BA3F2C1742E900F78A5B /* ApplicationState.swift */,
				9E18BA412C1744AD00F78A5B /* ApplicationStateObservation.swift */,
				9E18BA482C174B6200F78A5B /* RelativeMeasurement.swift */,
				9E18BA572C17748500F78A5B /* UnitConversion.swift */,
			);
			path = Data;
			sourceTree = "<group>";
		};
		9E18BA2F2C124A8C00F78A5B /* Data Models */ = {
			isa = PBXGroup;
			children = (
				9E18BA302C124AA600F78A5B /* Versions */,
				9E18BA432C17460600F78A5B /* Workout.swift */,
			);
			path = "Data Models";
			sourceTree = "<group>";
		};
		9E18BA302C124AA600F78A5B /* Versions */ = {
			isa = PBXGroup;
			children = (
				9E18BA312C124ABA00F78A5B /* PerfectRepV1.swift */,
			);
			path = Versions;
			sourceTree = "<group>";
		};
		9E18BA372C16B97700F78A5B /* Models */ = {
			isa = PBXGroup;
			children = (
				9E18BA5B2C1777DA00F78A5B /* Settings */,
				9E18BA4D2C174D3B00F78A5B /* Preferences */,
				9E18BA4A2C174BD800F78A5B /* Formatting */,
				9E18BA382C16B98D00F78A5B /* Workout */,
				9E18BA2E2C124A7700F78A5B /* Data */,
				9E18BA602C177A9200F78A5B /* LS.swift */,
			);
			path = Models;
			sourceTree = "<group>";
		};
		9E18BA382C16B98D00F78A5B /* Workout */ = {
			isa = PBXGroup;
			children = (
				9E18BA452C1747D300F78A5B /* Stats */,
				9E18BA392C173BA400F78A5B /* WorkoutBuilder */,
			);
			path = Workout;
			sourceTree = "<group>";
		};
		9E18BA392C173BA400F78A5B /* WorkoutBuilder */ = {
			isa = PBXGroup;
			children = (
				9E18BA3A2C173BF700F78A5B /* WorkoutBuilder.swift */,
			);
			path = WorkoutBuilder;
			sourceTree = "<group>";
		};
		9E18BA3C2C1741A500F78A5B /* Protocols */ = {
			isa = PBXGroup;
			children = (
				9E18BA3D2C1741E200F78A5B /* ApplicationStateObserver.swift */,
				9E18BA592C17750F00F78A5B /* Setting.swift */,
			);
			path = Protocols;
			sourceTree = "<group>";
		};
		9E18BA452C1747D300F78A5B /* Stats */ = {
			isa = PBXGroup;
			children = (
				9E18BA462C1747F200F78A5B /* WorkoutStats.swift */,
			);
			path = Stats;
			sourceTree = "<group>";
		};
		9E18BA4A2C174BD800F78A5B /* Formatting */ = {
			isa = PBXGroup;
			children = (
				9E18BA4B2C174BF100F78A5B /* CustomNumberFormatting.swift */,
			);
			path = Formatting;
			sourceTree = "<group>";
		};
		9E18BA4D2C174D3B00F78A5B /* Preferences */ = {
			isa = PBXGroup;
			children = (
				9E18BA4E2C174D5C00F78A5B /* UserPreferences.swift */,
				9E18BA502C174DB500F78A5B /* UserPreference.swift */,
				9E18BA522C17551A00F78A5B /* MeasurementUserPreference.swift */,
			);
			path = Preferences;
			sourceTree = "<group>";
		};
		9E18BA542C175DC700F78A5B /* Extensions */ = {
			isa = PBXGroup;
			children = (
				9E18BA552C175E0500F78A5B /* Units.swift */,
			);
			path = Extensions;
			sourceTree = "<group>";
		};
		9E18BA5B2C1777DA00F78A5B /* Settings */ = {
			isa = PBXGroup;
			children = (
				9E18BA5C2C1777F100F78A5B /* SettingsSection.swift */,
				9E18BA5E2C17788A00F78A5B /* SettingsModel.swift */,
			);
			path = Settings;
			sourceTree = "<group>";
		};
/* End PBXGroup section */

/* Begin PBXNativeTarget section */
		9E18B9F82C122CFF00F78A5B /* PerfectRep */ = {
			isa = PBXNativeTarget;
			buildConfigurationList = 9E18BA232C122D0100F78A5B /* Build configuration list for PBXNativeTarget "PerfectRep" */;
			buildPhases = (
				61189314C3AC8A687B7F3F68 /* [CP] Check Pods Manifest.lock */,
				9E18B9F52C122CFF00F78A5B /* Sources */,
				9E18B9F62C122CFF00F78A5B /* Frameworks */,
				9E18B9F72C122CFF00F78A5B /* Resources */,
				34DC9402479D4F41D33F5EEC /* [CP] Embed Pods Frameworks */,
			);
			buildRules = (
			);
			dependencies = (
			);
			name = PerfectRep;
			productName = PerfectRep;
			productReference = 9E18B9F92C122CFF00F78A5B /* PerfectRep.app */;
			productType = "com.apple.product-type.application";
		};
		9E18BA0E2C122D0100F78A5B /* PerfectRepTests */ = {
			isa = PBXNativeTarget;
			buildConfigurationList = 9E18BA262C122D0100F78A5B /* Build configuration list for PBXNativeTarget "PerfectRepTests" */;
			buildPhases = (
				9E18BA0B2C122D0100F78A5B /* Sources */,
				9E18BA0C2C122D0100F78A5B /* Frameworks */,
				9E18BA0D2C122D0100F78A5B /* Resources */,
			);
			buildRules = (
			);
			dependencies = (
				9E18BA112C122D0100F78A5B /* PBXTargetDependency */,
			);
			name = PerfectRepTests;
			productName = PerfectRepTests;
			productReference = 9E18BA0F2C122D0100F78A5B /* PerfectRepTests.xctest */;
			productType = "com.apple.product-type.bundle.unit-test";
		};
		9E18BA182C122D0100F78A5B /* PerfectRepUITests */ = {
			isa = PBXNativeTarget;
			buildConfigurationList = 9E18BA292C122D0100F78A5B /* Build configuration list for PBXNativeTarget "PerfectRepUITests" */;
			buildPhases = (
				9E18BA152C122D0100F78A5B /* Sources */,
				9E18BA162C122D0100F78A5B /* Frameworks */,
				9E18BA172C122D0100F78A5B /* Resources */,
			);
			buildRules = (
			);
			dependencies = (
				9E18BA1B2C122D0100F78A5B /* PBXTargetDependency */,
			);
			name = PerfectRepUITests;
			productName = PerfectRepUITests;
			productReference = 9E18BA192C122D0100F78A5B /* PerfectRepUITests.xctest */;
			productType = "com.apple.product-type.bundle.ui-testing";
		};
/* End PBXNativeTarget section */

/* Begin PBXProject section */
		9E18B9F12C122CFF00F78A5B /* Project object */ = {
			isa = PBXProject;
			attributes = {
				BuildIndependentTargetsInParallel = 1;
				LastSwiftUpdateCheck = 1540;
				LastUpgradeCheck = 1540;
				TargetAttributes = {
					9E18B9F82C122CFF00F78A5B = {
						CreatedOnToolsVersion = 15.4;
					};
					9E18BA0E2C122D0100F78A5B = {
						CreatedOnToolsVersion = 15.4;
						TestTargetID = 9E18B9F82C122CFF00F78A5B;
					};
					9E18BA182C122D0100F78A5B = {
						CreatedOnToolsVersion = 15.4;
						TestTargetID = 9E18B9F82C122CFF00F78A5B;
					};
				};
			};
			buildConfigurationList = 9E18B9F42C122CFF00F78A5B /* Build configuration list for PBXProject "PerfectRep" */;
			compatibilityVersion = "Xcode 14.0";
			developmentRegion = en;
			hasScannedForEncodings = 0;
			knownRegions = (
				en,
				Base,
			);
			mainGroup = 9E18B9F02C122CFF00F78A5B;
			productRefGroup = 9E18B9FA2C122CFF00F78A5B /* Products */;
			projectDirPath = "";
			projectRoot = "";
			targets = (
				9E18B9F82C122CFF00F78A5B /* PerfectRep */,
				9E18BA0E2C122D0100F78A5B /* PerfectRepTests */,
				9E18BA182C122D0100F78A5B /* PerfectRepUITests */,
			);
		};
/* End PBXProject section */

/* Begin PBXResourcesBuildPhase section */
		9E18B9F72C122CFF00F78A5B /* Resources */ = {
			isa = PBXResourcesBuildPhase;
			buildActionMask = 2147483647;
			files = (
				9E18BA062C122D0100F78A5B /* Assets.xcassets in Resources */,
				9E18BA092C122D0100F78A5B /* Base in Resources */,
				9E18BA042C122CFF00F78A5B /* Base in Resources */,
			);
			runOnlyForDeploymentPostprocessing = 0;
		};
		9E18BA0D2C122D0100F78A5B /* Resources */ = {
			isa = PBXResourcesBuildPhase;
			buildActionMask = 2147483647;
			files = (
			);
			runOnlyForDeploymentPostprocessing = 0;
		};
		9E18BA172C122D0100F78A5B /* Resources */ = {
			isa = PBXResourcesBuildPhase;
			buildActionMask = 2147483647;
			files = (
			);
			runOnlyForDeploymentPostprocessing = 0;
		};
/* End PBXResourcesBuildPhase section */

/* Begin PBXShellScriptBuildPhase section */
		34DC9402479D4F41D33F5EEC /* [CP] Embed Pods Frameworks */ = {
			isa = PBXShellScriptBuildPhase;
			buildActionMask = 2147483647;
			files = (
			);
			inputFileListPaths = (
				"${PODS_ROOT}/Target Support Files/Pods-PerfectRep/Pods-PerfectRep-frameworks-${CONFIGURATION}-input-files.xcfilelist",
			);
			name = "[CP] Embed Pods Frameworks";
			outputFileListPaths = (
				"${PODS_ROOT}/Target Support Files/Pods-PerfectRep/Pods-PerfectRep-frameworks-${CONFIGURATION}-output-files.xcfilelist",
			);
			runOnlyForDeploymentPostprocessing = 0;
			shellPath = /bin/sh;
			shellScript = "\"${PODS_ROOT}/Target Support Files/Pods-PerfectRep/Pods-PerfectRep-frameworks.sh\"\n";
			showEnvVarsInLog = 0;
		};
		61189314C3AC8A687B7F3F68 /* [CP] Check Pods Manifest.lock */ = {
			isa = PBXShellScriptBuildPhase;
			buildActionMask = 2147483647;
			files = (
			);
			inputFileListPaths = (
			);
			inputPaths = (
				"${PODS_PODFILE_DIR_PATH}/Podfile.lock",
				"${PODS_ROOT}/Manifest.lock",
			);
			name = "[CP] Check Pods Manifest.lock";
			outputFileListPaths = (
			);
			outputPaths = (
				"$(DERIVED_FILE_DIR)/Pods-PerfectRep-checkManifestLockResult.txt",
			);
			runOnlyForDeploymentPostprocessing = 0;
			shellPath = /bin/sh;
			shellScript = "diff \"${PODS_PODFILE_DIR_PATH}/Podfile.lock\" \"${PODS_ROOT}/Manifest.lock\" > /dev/null\nif [ $? != 0 ] ; then\n    # print error to STDERR\n    echo \"error: The sandbox is not in sync with the Podfile.lock. Run 'pod install' or update your CocoaPods installation.\" >&2\n    exit 1\nfi\n# This output is used by Xcode 'outputs' to avoid re-running this script phase.\necho \"SUCCESS\" > \"${SCRIPT_OUTPUT_FILE_0}\"\n";
			showEnvVarsInLog = 0;
		};
/* End PBXShellScriptBuildPhase section */

/* Begin PBXSourcesBuildPhase section */
		9E18B9F52C122CFF00F78A5B /* Sources */ = {
			isa = PBXSourcesBuildPhase;
			buildActionMask = 2147483647;
			files = (
				9E18BA322C124ABA00F78A5B /* PerfectRepV1.swift in Sources */,
				9E18BA402C1742E900F78A5B /* ApplicationState.swift in Sources */,
				9E18BA012C122CFF00F78A5B /* ViewController.swift in Sources */,
				9E18BA3B2C173BF700F78A5B /* WorkoutBuilder.swift in Sources */,
				9E18B9FD2C122CFF00F78A5B /* AppDelegate.swift in Sources */,
				9E18BA582C17748500F78A5B /* UnitConversion.swift in Sources */,
				9E18BA492C174B6200F78A5B /* RelativeMeasurement.swift in Sources */,
				9E18BA442C17460600F78A5B /* Workout.swift in Sources */,
				9E18BA612C177A9200F78A5B /* LS.swift in Sources */,
				9E18BA5A2C17750F00F78A5B /* Setting.swift in Sources */,
				9E18BA3E2C1741E200F78A5B /* ApplicationStateObserver.swift in Sources */,
				9E18BA5D2C1777F100F78A5B /* SettingsSection.swift in Sources */,
				9E18BA472C1747F200F78A5B /* WorkoutStats.swift in Sources */,
				9E18BA562C175E0500F78A5B /* Units.swift in Sources */,
				9E18BA532C17551A00F78A5B /* MeasurementUserPreference.swift in Sources */,
				9E18BA4F2C174D5C00F78A5B /* UserPreferences.swift in Sources */,
				9E18B9FF2C122CFF00F78A5B /* SceneDelegate.swift in Sources */,
				9E18BA5F2C17788A00F78A5B /* SettingsModel.swift in Sources */,
				9E18BA512C174DB500F78A5B /* UserPreference.swift in Sources */,
				9E18BA4C2C174BF100F78A5B /* CustomNumberFormatting.swift in Sources */,
				9E18BA422C1744AD00F78A5B /* ApplicationStateObservation.swift in Sources */,
			);
			runOnlyForDeploymentPostprocessing = 0;
		};
		9E18BA0B2C122D0100F78A5B /* Sources */ = {
			isa = PBXSourcesBuildPhase;
			buildActionMask = 2147483647;
			files = (
				9E18BA142C122D0100F78A5B /* PerfectRepTests.swift in Sources */,
			);
			runOnlyForDeploymentPostprocessing = 0;
		};
		9E18BA152C122D0100F78A5B /* Sources */ = {
			isa = PBXSourcesBuildPhase;
			buildActionMask = 2147483647;
			files = (
				9E18BA202C122D0100F78A5B /* PerfectRepUITestsLaunchTests.swift in Sources */,
				9E18BA1E2C122D0100F78A5B /* PerfectRepUITests.swift in Sources */,
			);
			runOnlyForDeploymentPostprocessing = 0;
		};
/* End PBXSourcesBuildPhase section */

/* Begin PBXTargetDependency section */
		9E18BA112C122D0100F78A5B /* PBXTargetDependency */ = {
			isa = PBXTargetDependency;
			target = 9E18B9F82C122CFF00F78A5B /* PerfectRep */;
			targetProxy = 9E18BA102C122D0100F78A5B /* PBXContainerItemProxy */;
		};
		9E18BA1B2C122D0100F78A5B /* PBXTargetDependency */ = {
			isa = PBXTargetDependency;
			target = 9E18B9F82C122CFF00F78A5B /* PerfectRep */;
			targetProxy = 9E18BA1A2C122D0100F78A5B /* PBXContainerItemProxy */;
		};
/* End PBXTargetDependency section */

/* Begin PBXVariantGroup section */
		9E18BA022C122CFF00F78A5B /* Main.storyboard */ = {
			isa = PBXVariantGroup;
			children = (
				9E18BA032C122CFF00F78A5B /* Base */,
			);
			name = Main.storyboard;
			sourceTree = "<group>";
		};
		9E18BA072C122D0100F78A5B /* LaunchScreen.storyboard */ = {
			isa = PBXVariantGroup;
			children = (
				9E18BA082C122D0100F78A5B /* Base */,
			);
			name = LaunchScreen.storyboard;
			sourceTree = "<group>";
		};
/* End PBXVariantGroup section */

/* Begin XCBuildConfiguration section */
		9E18BA212C122D0100F78A5B /* Debug */ = {
			isa = XCBuildConfiguration;
			buildSettings = {
				ALWAYS_SEARCH_USER_PATHS = NO;
				ASSETCATALOG_COMPILER_GENERATE_SWIFT_ASSET_SYMBOL_EXTENSIONS = YES;
				CLANG_ANALYZER_NONNULL = YES;
				CLANG_ANALYZER_NUMBER_OBJECT_CONVERSION = YES_AGGRESSIVE;
				CLANG_CXX_LANGUAGE_STANDARD = "gnu++20";
				CLANG_ENABLE_MODULES = YES;
				CLANG_ENABLE_OBJC_ARC = YES;
				CLANG_ENABLE_OBJC_WEAK = YES;
				CLANG_WARN_BLOCK_CAPTURE_AUTORELEASING = YES;
				CLANG_WARN_BOOL_CONVERSION = YES;
				CLANG_WARN_COMMA = YES;
				CLANG_WARN_CONSTANT_CONVERSION = YES;
				CLANG_WARN_DEPRECATED_OBJC_IMPLEMENTATIONS = YES;
				CLANG_WARN_DIRECT_OBJC_ISA_USAGE = YES_ERROR;
				CLANG_WARN_DOCUMENTATION_COMMENTS = YES;
				CLANG_WARN_EMPTY_BODY = YES;
				CLANG_WARN_ENUM_CONVERSION = YES;
				CLANG_WARN_INFINITE_RECURSION = YES;
				CLANG_WARN_INT_CONVERSION = YES;
				CLANG_WARN_NON_LITERAL_NULL_CONVERSION = YES;
				CLANG_WARN_OBJC_IMPLICIT_RETAIN_SELF = YES;
				CLANG_WARN_OBJC_LITERAL_CONVERSION = YES;
				CLANG_WARN_OBJC_ROOT_CLASS = YES_ERROR;
				CLANG_WARN_QUOTED_INCLUDE_IN_FRAMEWORK_HEADER = YES;
				CLANG_WARN_RANGE_LOOP_ANALYSIS = YES;
				CLANG_WARN_STRICT_PROTOTYPES = YES;
				CLANG_WARN_SUSPICIOUS_MOVE = YES;
				CLANG_WARN_UNGUARDED_AVAILABILITY = YES_AGGRESSIVE;
				CLANG_WARN_UNREACHABLE_CODE = YES;
				CLANG_WARN__DUPLICATE_METHOD_MATCH = YES;
				COPY_PHASE_STRIP = NO;
				DEBUG_INFORMATION_FORMAT = dwarf;
				ENABLE_STRICT_OBJC_MSGSEND = YES;
				ENABLE_TESTABILITY = YES;
				ENABLE_USER_SCRIPT_SANDBOXING = YES;
				GCC_C_LANGUAGE_STANDARD = gnu17;
				GCC_DYNAMIC_NO_PIC = NO;
				GCC_NO_COMMON_BLOCKS = YES;
				GCC_OPTIMIZATION_LEVEL = 0;
				GCC_PREPROCESSOR_DEFINITIONS = (
					"DEBUG=1",
					"$(inherited)",
				);
				GCC_WARN_64_TO_32_BIT_CONVERSION = YES;
				GCC_WARN_ABOUT_RETURN_TYPE = YES_ERROR;
				GCC_WARN_UNDECLARED_SELECTOR = YES;
				GCC_WARN_UNINITIALIZED_AUTOS = YES_AGGRESSIVE;
				GCC_WARN_UNUSED_FUNCTION = YES;
				GCC_WARN_UNUSED_VARIABLE = YES;
				IPHONEOS_DEPLOYMENT_TARGET = 17.5;
				LOCALIZATION_PREFERS_STRING_CATALOGS = YES;
				MTL_ENABLE_DEBUG_INFO = INCLUDE_SOURCE;
				MTL_FAST_MATH = YES;
				ONLY_ACTIVE_ARCH = YES;
				SDKROOT = iphoneos;
				SWIFT_ACTIVE_COMPILATION_CONDITIONS = "DEBUG $(inherited)";
				SWIFT_OPTIMIZATION_LEVEL = "-Onone";
			};
			name = Debug;
		};
		9E18BA222C122D0100F78A5B /* Release */ = {
			isa = XCBuildConfiguration;
			buildSettings = {
				ALWAYS_SEARCH_USER_PATHS = NO;
				ASSETCATALOG_COMPILER_GENERATE_SWIFT_ASSET_SYMBOL_EXTENSIONS = YES;
				CLANG_ANALYZER_NONNULL = YES;
				CLANG_ANALYZER_NUMBER_OBJECT_CONVERSION = YES_AGGRESSIVE;
				CLANG_CXX_LANGUAGE_STANDARD = "gnu++20";
				CLANG_ENABLE_MODULES = YES;
				CLANG_ENABLE_OBJC_ARC = YES;
				CLANG_ENABLE_OBJC_WEAK = YES;
				CLANG_WARN_BLOCK_CAPTURE_AUTORELEASING = YES;
				CLANG_WARN_BOOL_CONVERSION = YES;
				CLANG_WARN_COMMA = YES;
				CLANG_WARN_CONSTANT_CONVERSION = YES;
				CLANG_WARN_DEPRECATED_OBJC_IMPLEMENTATIONS = YES;
				CLANG_WARN_DIRECT_OBJC_ISA_USAGE = YES_ERROR;
				CLANG_WARN_DOCUMENTATION_COMMENTS = YES;
				CLANG_WARN_EMPTY_BODY = YES;
				CLANG_WARN_ENUM_CONVERSION = YES;
				CLANG_WARN_INFINITE_RECURSION = YES;
				CLANG_WARN_INT_CONVERSION = YES;
				CLANG_WARN_NON_LITERAL_NULL_CONVERSION = YES;
				CLANG_WARN_OBJC_IMPLICIT_RETAIN_SELF = YES;
				CLANG_WARN_OBJC_LITERAL_CONVERSION = YES;
				CLANG_WARN_OBJC_ROOT_CLASS = YES_ERROR;
				CLANG_WARN_QUOTED_INCLUDE_IN_FRAMEWORK_HEADER = YES;
				CLANG_WARN_RANGE_LOOP_ANALYSIS = YES;
				CLANG_WARN_STRICT_PROTOTYPES = YES;
				CLANG_WARN_SUSPICIOUS_MOVE = YES;
				CLANG_WARN_UNGUARDED_AVAILABILITY = YES_AGGRESSIVE;
				CLANG_WARN_UNREACHABLE_CODE = YES;
				CLANG_WARN__DUPLICATE_METHOD_MATCH = YES;
				COPY_PHASE_STRIP = NO;
				DEBUG_INFORMATION_FORMAT = "dwarf-with-dsym";
				ENABLE_NS_ASSERTIONS = NO;
				ENABLE_STRICT_OBJC_MSGSEND = YES;
				ENABLE_USER_SCRIPT_SANDBOXING = YES;
				GCC_C_LANGUAGE_STANDARD = gnu17;
				GCC_NO_COMMON_BLOCKS = YES;
				GCC_WARN_64_TO_32_BIT_CONVERSION = YES;
				GCC_WARN_ABOUT_RETURN_TYPE = YES_ERROR;
				GCC_WARN_UNDECLARED_SELECTOR = YES;
				GCC_WARN_UNINITIALIZED_AUTOS = YES_AGGRESSIVE;
				GCC_WARN_UNUSED_FUNCTION = YES;
				GCC_WARN_UNUSED_VARIABLE = YES;
				IPHONEOS_DEPLOYMENT_TARGET = 17.5;
				LOCALIZATION_PREFERS_STRING_CATALOGS = YES;
				MTL_ENABLE_DEBUG_INFO = NO;
				MTL_FAST_MATH = YES;
				SDKROOT = iphoneos;
				SWIFT_COMPILATION_MODE = wholemodule;
				VALIDATE_PRODUCT = YES;
			};
			name = Release;
		};
		9E18BA242C122D0100F78A5B /* Debug */ = {
			isa = XCBuildConfiguration;
			baseConfigurationReference = D4B40E9BEFC228A7B08B32D1 /* Pods-PerfectRep.debug.xcconfig */;
			buildSettings = {
				ASSETCATALOG_COMPILER_APPICON_NAME = AppIcon;
				ASSETCATALOG_COMPILER_GLOBAL_ACCENT_COLOR_NAME = AccentColor;
				CODE_SIGN_STYLE = Automatic;
				CURRENT_PROJECT_VERSION = 1;
				ENABLE_USER_SCRIPT_SANDBOXING = NO;
				GENERATE_INFOPLIST_FILE = YES;
				INFOPLIST_FILE = PerfectRep/Info.plist;
				INFOPLIST_KEY_CFBundleDisplayName = PerfectRep;
				INFOPLIST_KEY_LSApplicationCategoryType = "public.app-category.healthcare-fitness";
				INFOPLIST_KEY_UIApplicationSupportsIndirectInputEvents = YES;
				INFOPLIST_KEY_UILaunchStoryboardName = LaunchScreen;
				INFOPLIST_KEY_UIMainStoryboardFile = Main;
				INFOPLIST_KEY_UISupportedInterfaceOrientations = UIInterfaceOrientationPortrait;
				INFOPLIST_KEY_UISupportedInterfaceOrientations_iPad = "UIInterfaceOrientationLandscapeLeft UIInterfaceOrientationPortrait";
				IPHONEOS_DEPLOYMENT_TARGET = 17.2;
				LD_RUNPATH_SEARCH_PATHS = (
					"$(inherited)",
					"@executable_path/Frameworks",
				);
				MARKETING_VERSION = 1.0;
				PRODUCT_BUNDLE_IDENTIFIER = sebpuchi.PerfectRep;
				PRODUCT_NAME = "$(TARGET_NAME)";
				SWIFT_EMIT_LOC_STRINGS = YES;
				SWIFT_VERSION = 5.0;
				TARGETED_DEVICE_FAMILY = "1,2";
			};
			name = Debug;
		};
		9E18BA252C122D0100F78A5B /* Release */ = {
			isa = XCBuildConfiguration;
			baseConfigurationReference = AF25DCD840509F1B5CBEFB05 /* Pods-PerfectRep.release.xcconfig */;
			buildSettings = {
				ASSETCATALOG_COMPILER_APPICON_NAME = AppIcon;
				ASSETCATALOG_COMPILER_GLOBAL_ACCENT_COLOR_NAME = AccentColor;
				CODE_SIGN_STYLE = Automatic;
				CURRENT_PROJECT_VERSION = 1;
				ENABLE_USER_SCRIPT_SANDBOXING = NO;
				GENERATE_INFOPLIST_FILE = YES;
				INFOPLIST_FILE = PerfectRep/Info.plist;
				INFOPLIST_KEY_CFBundleDisplayName = PerfectRep;
				INFOPLIST_KEY_LSApplicationCategoryType = "public.app-category.healthcare-fitness";
				INFOPLIST_KEY_UIApplicationSupportsIndirectInputEvents = YES;
				INFOPLIST_KEY_UILaunchStoryboardName = LaunchScreen;
				INFOPLIST_KEY_UIMainStoryboardFile = Main;
				INFOPLIST_KEY_UISupportedInterfaceOrientations = UIInterfaceOrientationPortrait;
				INFOPLIST_KEY_UISupportedInterfaceOrientations_iPad = "UIInterfaceOrientationLandscapeLeft UIInterfaceOrientationPortrait";
				IPHONEOS_DEPLOYMENT_TARGET = 17.2;
				LD_RUNPATH_SEARCH_PATHS = (
					"$(inherited)",
					"@executable_path/Frameworks",
				);
				MARKETING_VERSION = 1.0;
				PRODUCT_BUNDLE_IDENTIFIER = sebpuchi.PerfectRep;
				PRODUCT_NAME = "$(TARGET_NAME)";
				SWIFT_EMIT_LOC_STRINGS = YES;
				SWIFT_VERSION = 5.0;
				TARGETED_DEVICE_FAMILY = "1,2";
			};
			name = Release;
		};
		9E18BA272C122D0100F78A5B /* Debug */ = {
			isa = XCBuildConfiguration;
			buildSettings = {
				ALWAYS_EMBED_SWIFT_STANDARD_LIBRARIES = YES;
				BUNDLE_LOADER = "$(TEST_HOST)";
				CODE_SIGN_STYLE = Automatic;
				CURRENT_PROJECT_VERSION = 1;
				GENERATE_INFOPLIST_FILE = YES;
				IPHONEOS_DEPLOYMENT_TARGET = 17.5;
				MARKETING_VERSION = 1.0;
				PRODUCT_BUNDLE_IDENTIFIER = sebpuchi.PerfectRepTests;
				PRODUCT_NAME = "$(TARGET_NAME)";
				SWIFT_EMIT_LOC_STRINGS = NO;
				SWIFT_VERSION = 5.0;
				TARGETED_DEVICE_FAMILY = "1,2";
				TEST_HOST = "$(BUILT_PRODUCTS_DIR)/PerfectRep.app/$(BUNDLE_EXECUTABLE_FOLDER_PATH)/PerfectRep";
			};
			name = Debug;
		};
		9E18BA282C122D0100F78A5B /* Release */ = {
			isa = XCBuildConfiguration;
			buildSettings = {
				ALWAYS_EMBED_SWIFT_STANDARD_LIBRARIES = YES;
				BUNDLE_LOADER = "$(TEST_HOST)";
				CODE_SIGN_STYLE = Automatic;
				CURRENT_PROJECT_VERSION = 1;
				GENERATE_INFOPLIST_FILE = YES;
				IPHONEOS_DEPLOYMENT_TARGET = 17.5;
				MARKETING_VERSION = 1.0;
				PRODUCT_BUNDLE_IDENTIFIER = sebpuchi.PerfectRepTests;
				PRODUCT_NAME = "$(TARGET_NAME)";
				SWIFT_EMIT_LOC_STRINGS = NO;
				SWIFT_VERSION = 5.0;
				TARGETED_DEVICE_FAMILY = "1,2";
				TEST_HOST = "$(BUILT_PRODUCTS_DIR)/PerfectRep.app/$(BUNDLE_EXECUTABLE_FOLDER_PATH)/PerfectRep";
			};
			name = Release;
		};
		9E18BA2A2C122D0100F78A5B /* Debug */ = {
			isa = XCBuildConfiguration;
			buildSettings = {
				ALWAYS_EMBED_SWIFT_STANDARD_LIBRARIES = YES;
				CODE_SIGN_STYLE = Automatic;
				CURRENT_PROJECT_VERSION = 1;
				GENERATE_INFOPLIST_FILE = YES;
				MARKETING_VERSION = 1.0;
				PRODUCT_BUNDLE_IDENTIFIER = sebpuchi.PerfectRepUITests;
				PRODUCT_NAME = "$(TARGET_NAME)";
				SWIFT_EMIT_LOC_STRINGS = NO;
				SWIFT_VERSION = 5.0;
				TARGETED_DEVICE_FAMILY = "1,2";
				TEST_TARGET_NAME = PerfectRep;
			};
			name = Debug;
		};
		9E18BA2B2C122D0100F78A5B /* Release */ = {
			isa = XCBuildConfiguration;
			buildSettings = {
				ALWAYS_EMBED_SWIFT_STANDARD_LIBRARIES = YES;
				CODE_SIGN_STYLE = Automatic;
				CURRENT_PROJECT_VERSION = 1;
				GENERATE_INFOPLIST_FILE = YES;
				MARKETING_VERSION = 1.0;
				PRODUCT_BUNDLE_IDENTIFIER = sebpuchi.PerfectRepUITests;
				PRODUCT_NAME = "$(TARGET_NAME)";
				SWIFT_EMIT_LOC_STRINGS = NO;
				SWIFT_VERSION = 5.0;
				TARGETED_DEVICE_FAMILY = "1,2";
				TEST_TARGET_NAME = PerfectRep;
			};
			name = Release;
		};
/* End XCBuildConfiguration section */

/* Begin XCConfigurationList section */
		9E18B9F42C122CFF00F78A5B /* Build configuration list for PBXProject "PerfectRep" */ = {
			isa = XCConfigurationList;
			buildConfigurations = (
				9E18BA212C122D0100F78A5B /* Debug */,
				9E18BA222C122D0100F78A5B /* Release */,
			);
			defaultConfigurationIsVisible = 0;
			defaultConfigurationName = Release;
		};
		9E18BA232C122D0100F78A5B /* Build configuration list for PBXNativeTarget "PerfectRep" */ = {
			isa = XCConfigurationList;
			buildConfigurations = (
				9E18BA242C122D0100F78A5B /* Debug */,
				9E18BA252C122D0100F78A5B /* Release */,
			);
			defaultConfigurationIsVisible = 0;
			defaultConfigurationName = Release;
		};
		9E18BA262C122D0100F78A5B /* Build configuration list for PBXNativeTarget "PerfectRepTests" */ = {
			isa = XCConfigurationList;
			buildConfigurations = (
				9E18BA272C122D0100F78A5B /* Debug */,
				9E18BA282C122D0100F78A5B /* Release */,
			);
			defaultConfigurationIsVisible = 0;
			defaultConfigurationName = Release;
		};
		9E18BA292C122D0100F78A5B /* Build configuration list for PBXNativeTarget "PerfectRepUITests" */ = {
			isa = XCConfigurationList;
			buildConfigurations = (
				9E18BA2A2C122D0100F78A5B /* Debug */,
				9E18BA2B2C122D0100F78A5B /* Release */,
			);
			defaultConfigurationIsVisible = 0;
			defaultConfigurationName = Release;
		};
/* End XCConfigurationList section */
	};
	rootObject = 9E18B9F12C122CFF00F78A5B /* Project object */;
}
